// !$*UTF8*$!
{
	archiveVersion = 1;
	classes = {
	};
	objectVersion = 50;
	objects = {

/* Begin PBXBuildFile section */
		09BED8EA20BEAF1A00EC84CF /* AppDelegate.swift in Sources */ = {isa = PBXBuildFile; fileRef = 09BED8E920BEAF1A00EC84CF /* AppDelegate.swift */; };
		09BED8EC20BEAF1A00EC84CF /* HomeViewController.swift in Sources */ = {isa = PBXBuildFile; fileRef = 09BED8EB20BEAF1A00EC84CF /* HomeViewController.swift */; };
		09BED8EF20BEAF1A00EC84CF /* Main.storyboard in Resources */ = {isa = PBXBuildFile; fileRef = 09BED8ED20BEAF1A00EC84CF /* Main.storyboard */; };
		09BED8F120BEAF1B00EC84CF /* Assets.xcassets in Resources */ = {isa = PBXBuildFile; fileRef = 09BED8F020BEAF1B00EC84CF /* Assets.xcassets */; };
		09BED8F420BEAF1B00EC84CF /* LaunchScreen.storyboard in Resources */ = {isa = PBXBuildFile; fileRef = 09BED8F220BEAF1B00EC84CF /* LaunchScreen.storyboard */; };
/* End PBXBuildFile section */

/* Begin PBXFileReference section */
		09BED8E620BEAF1A00EC84CF /* CustomTransitionStyle.app */ = {isa = PBXFileReference; explicitFileType = wrapper.application; includeInIndex = 0; path = CustomTransitionStyle.app; sourceTree = BUILT_PRODUCTS_DIR; };
		09BED8E920BEAF1A00EC84CF /* AppDelegate.swift */ = {isa = PBXFileReference; lastKnownFileType = sourcecode.swift; path = AppDelegate.swift; sourceTree = "<group>"; };
		09BED8EB20BEAF1A00EC84CF /* HomeViewController.swift */ = {isa = PBXFileReference; lastKnownFileType = sourcecode.swift; path = HomeViewController.swift; sourceTree = "<group>"; };
		09BED8EE20BEAF1A00EC84CF /* Base */ = {isa = PBXFileReference; lastKnownFileType = file.storyboard; name = Base; path = Base.lproj/Main.storyboard; sourceTree = "<group>"; };
		09BED8F020BEAF1B00EC84CF /* Assets.xcassets */ = {isa = PBXFileReference; lastKnownFileType = folder.assetcatalog; path = Assets.xcassets; sourceTree = "<group>"; };
		09BED8F320BEAF1B00EC84CF /* Base */ = {isa = PBXFileReference; lastKnownFileType = file.storyboard; name = Base; path = Base.lproj/LaunchScreen.storyboard; sourceTree = "<group>"; };
		09BED8F520BEAF1B00EC84CF /* Info.plist */ = {isa = PBXFileReference; lastKnownFileType = text.plist.xml; path = Info.plist; sourceTree = "<group>"; };
/* End PBXFileReference section */

/* Begin PBXFrameworksBuildPhase section */
		09BED8E320BEAF1A00EC84CF /* Frameworks */ = {
			isa = PBXFrameworksBuildPhase;
			buildActionMask = 2147483647;
			files = (
			);
			runOnlyForDeploymentPostprocessing = 0;
		};
/* End PBXFrameworksBuildPhase section */

/* Begin PBXGroup section */
		09BED8DD20BEAF1A00EC84CF = {
			isa = PBXGroup;
			children = (
				09BED8E820BEAF1A00EC84CF /* CustomTransitionStyle */,
				09BED8E720BEAF1A00EC84CF /* Products */,
			);
			sourceTree = "<group>";
		};
		09BED8E720BEAF1A00EC84CF /* Products */ = {
			isa = PBXGroup;
			children = (
				09BED8E620BEAF1A00EC84CF /* CustomTransitionStyle.app */,
			);
			name = Products;
			sourceTree = "<group>";
		};
		09BED8E820BEAF1A00EC84CF /* CustomTransitionStyle */ = {
			isa = PBXGroup;
			children = (
				09BED8FB20BEF83C00EC84CF /* Support */,
				09BED8E920BEAF1A00EC84CF /* AppDelegate.swift */,
				09BED8EB20BEAF1A00EC84CF /* HomeViewController.swift */,
				09BED8ED20BEAF1A00EC84CF /* Main.storyboard */,
			);
			path = CustomTransitionStyle;
			sourceTree = "<group>";
		};
		09BED8FB20BEF83C00EC84CF /* Support */ = {
			isa = PBXGroup;
			children = (
				09BED8F520BEAF1B00EC84CF /* Info.plist */,
				09BED8F220BEAF1B00EC84CF /* LaunchScreen.storyboard */,
				09BED8F020BEAF1B00EC84CF /* Assets.xcassets */,
			);
			path = Support;
			sourceTree = "<group>";
		};
/* End PBXGroup section */

/* Begin PBXNativeTarget section */
		09BED8E520BEAF1A00EC84CF /* CustomTransitionStyle */ = {
			isa = PBXNativeTarget;
			buildConfigurationList = 09BED8F820BEAF1B00EC84CF /* Build configuration list for PBXNativeTarget "CustomTransitionStyle" */;
			buildPhases = (
				09BED8E220BEAF1A00EC84CF /* Sources */,
				09BED8E320BEAF1A00EC84CF /* Frameworks */,
				09BED8E420BEAF1A00EC84CF /* Resources */,
			);
			buildRules = (
			);
			dependencies = (
			);
			name = CustomTransitionStyle;
			productName = CustomTransitionStyle;
			productReference = 09BED8E620BEAF1A00EC84CF /* CustomTransitionStyle.app */;
			productType = "com.apple.product-type.application";
		};
/* End PBXNativeTarget section */

/* Begin PBXProject section */
		09BED8DE20BEAF1A00EC84CF /* Project object */ = {
			isa = PBXProject;
			attributes = {
				LastSwiftUpdateCheck = 0930;
				LastUpgradeCheck = 0930;
				ORGANIZATIONNAME = "Vanee Virdi";
				TargetAttributes = {
					09BED8E520BEAF1A00EC84CF = {
						CreatedOnToolsVersion = 9.3.1;
					};
				};
			};
			buildConfigurationList = 09BED8E120BEAF1A00EC84CF /* Build configuration list for PBXProject "CustomTransitionStyle" */;
			compatibilityVersion = "Xcode 9.3";
			developmentRegion = en;
			hasScannedForEncodings = 0;
			knownRegions = (
				en,
				Base,
			);
			mainGroup = 09BED8DD20BEAF1A00EC84CF;
			productRefGroup = 09BED8E720BEAF1A00EC84CF /* Products */;
			projectDirPath = "";
			projectRoot = "";
			targets = (
				09BED8E520BEAF1A00EC84CF /* CustomTransitionStyle */,
			);
		};
/* End PBXProject section */

/* Begin PBXResourcesBuildPhase section */
		09BED8E420BEAF1A00EC84CF /* Resources */ = {
			isa = PBXResourcesBuildPhase;
			buildActionMask = 2147483647;
			files = (
				09BED8F420BEAF1B00EC84CF /* LaunchScreen.storyboard in Resources */,
				09BED8F120BEAF1B00EC84CF /* Assets.xcassets in Resources */,
				09BED8EF20BEAF1A00EC84CF /* Main.storyboard in Resources */,
			);
			runOnlyForDeploymentPostprocessing = 0;
		};
/* End PBXResourcesBuildPhase section */

/* Begin PBXSourcesBuildPhase section */
		09BED8E220BEAF1A00EC84CF /* Sources */ = {
			isa = PBXSourcesBuildPhase;
			buildActionMask = 2147483647;
			files = (
				09BED8EC20BEAF1A00EC84CF /* HomeViewController.swift in Sources */,
				09BED8EA20BEAF1A00EC84CF /* AppDelegate.swift in Sources */,
			);
			runOnlyForDeploymentPostprocessing = 0;
		};
/* End PBXSourcesBuildPhase section */

/* Begin PBXVariantGroup section */
		09BED8ED20BEAF1A00EC84CF /* Main.storyboard */ = {
			isa = PBXVariantGroup;
			children = (
				09BED8EE20BEAF1A00EC84CF /* Base */,
			);
			name = Main.storyboard;
			sourceTree = "<group>";
		};
		09BED8F220BEAF1B00EC84CF /* LaunchScreen.storyboard */ = {
			isa = PBXVariantGroup;
			children = (
				09BED8F320BEAF1B00EC84CF /* Base */,
			);
			name = LaunchScreen.storyboard;
			sourceTree = "<group>";
		};
/* End PBXVariantGroup section */

/* Begin XCBuildConfiguration section */
		09BED8F620BEAF1B00EC84CF /* Debug */ = {
			isa = XCBuildConfiguration;
			buildSettings = {
				ALWAYS_SEARCH_USER_PATHS = NO;
				CLANG_ANALYZER_NONNULL = YES;
				CLANG_ANALYZER_NUMBER_OBJECT_CONVERSION = YES_AGGRESSIVE;
				CLANG_CXX_LANGUAGE_STANDARD = "gnu++14";
				CLANG_CXX_LIBRARY = "libc++";
				CLANG_ENABLE_MODULES = YES;
				CLANG_ENABLE_OBJC_ARC = YES;
				CLANG_ENABLE_OBJC_WEAK = YES;
				CLANG_WARN_BLOCK_CAPTURE_AUTORELEASING = YES;
				CLANG_WARN_BOOL_CONVERSION = YES;
				CLANG_WARN_COMMA = YES;
				CLANG_WARN_CONSTANT_CONVERSION = YES;
				CLANG_WARN_DEPRECATED_OBJC_IMPLEMENTATIONS = YES;
				CLANG_WARN_DIRECT_OBJC_ISA_USAGE = YES_ERROR;
				CLANG_WARN_DOCUMENTATION_COMMENTS = YES;
				CLANG_WARN_EMPTY_BODY = YES;
				CLANG_WARN_ENUM_CONVERSION = YES;
				CLANG_WARN_INFINITE_RECURSION = YES;
				CLANG_WARN_INT_CONVERSION = YES;
				CLANG_WARN_NON_LITERAL_NULL_CONVERSION = YES;
				CLANG_WARN_OBJC_IMPLICIT_RETAIN_SELF = YES;
				CLANG_WARN_OBJC_LITERAL_CONVERSION = YES;
				CLANG_WARN_OBJC_ROOT_CLASS = YES_ERROR;
				CLANG_WARN_RANGE_LOOP_ANALYSIS = YES;
				CLANG_WARN_STRICT_PROTOTYPES = YES;
				CLANG_WARN_SUSPICIOUS_MOVE = YES;
				CLANG_WARN_UNGUARDED_AVAILABILITY = YES_AGGRESSIVE;
				CLANG_WARN_UNREACHABLE_CODE = YES;
				CLANG_WARN__DUPLICATE_METHOD_MATCH = YES;
				CODE_SIGN_IDENTITY = "iPhone Developer";
				COPY_PHASE_STRIP = NO;
				DEBUG_INFORMATION_FORMAT = dwarf;
				ENABLE_STRICT_OBJC_MSGSEND = YES;
				ENABLE_TESTABILITY = YES;
				GCC_C_LANGUAGE_STANDARD = gnu11;
				GCC_DYNAMIC_NO_PIC = NO;
				GCC_NO_COMMON_BLOCKS = YES;
				GCC_OPTIMIZATION_LEVEL = 0;
				GCC_PREPROCESSOR_DEFINITIONS = (
					"DEBUG=1",
					"$(inherited)",
				);
				GCC_WARN_64_TO_32_BIT_CONVERSION = YES;
				GCC_WARN_ABOUT_RETURN_TYPE = YES_ERROR;
				GCC_WARN_UNDECLARED_SELECTOR = YES;
				GCC_WARN_UNINITIALIZED_AUTOS = YES_AGGRESSIVE;
				GCC_WARN_UNUSED_FUNCTION = YES;
				GCC_WARN_UNUSED_VARIABLE = YES;
				IPHONEOS_DEPLOYMENT_TARGET = 11.3;
				MTL_ENABLE_DEBUG_INFO = YES;
				ONLY_ACTIVE_ARCH = YES;
				SDKROOT = iphoneos;
				SWIFT_ACTIVE_COMPILATION_CONDITIONS = DEBUG;
				SWIFT_OPTIMIZATION_LEVEL = "-Onone";
			};
			name = Debug;
		};
		09BED8F720BEAF1B00EC84CF /* Release */ = {
			isa = XCBuildConfiguration;
			buildSettings = {
				ALWAYS_SEARCH_USER_PATHS = NO;
				CLANG_ANALYZER_NONNULL = YES;
				CLANG_ANALYZER_NUMBER_OBJECT_CONVERSION = YES_AGGRESSIVE;
				CLANG_CXX_LANGUAGE_STANDARD = "gnu++14";
				CLANG_CXX_LIBRARY = "libc++";
				CLANG_ENABLE_MODULES = YES;
				CLANG_ENABLE_OBJC_ARC = YES;
				CLANG_ENABLE_OBJC_WEAK = YES;
				CLANG_WARN_BLOCK_CAPTURE_AUTORELEASING = YES;
				CLANG_WARN_BOOL_CONVERSION = YES;
				CLANG_WARN_COMMA = YES;
				CLANG_WARN_CONSTANT_CONVERSION = YES;
				CLANG_WARN_DEPRECATED_OBJC_IMPLEMENTATIONS = YES;
				CLANG_WARN_DIRECT_OBJC_ISA_USAGE = YES_ERROR;
				CLANG_WARN_DOCUMENTATION_COMMENTS = YES;
				CLANG_WARN_EMPTY_BODY = YES;
				CLANG_WARN_ENUM_CONVERSION = YES;
				CLANG_WARN_INFINITE_RECURSION = YES;
				CLANG_WARN_INT_CONVERSION = YES;
				CLANG_WARN_NON_LITERAL_NULL_CONVERSION = YES;
				CLANG_WARN_OBJC_IMPLICIT_RETAIN_SELF = YES;
				CLANG_WARN_OBJC_LITERAL_CONVERSION = YES;
				CLANG_WARN_OBJC_ROOT_CLASS = YES_ERROR;
				CLANG_WARN_RANGE_LOOP_ANALYSIS = YES;
				CLANG_WARN_STRICT_PROTOTYPES = YES;
				CLANG_WARN_SUSPICIOUS_MOVE = YES;
				CLANG_WARN_UNGUARDED_AVAILABILITY = YES_AGGRESSIVE;
				CLANG_WARN_UNREACHABLE_CODE = YES;
				CLANG_WARN__DUPLICATE_METHOD_MATCH = YES;
				CODE_SIGN_IDENTITY = "iPhone Developer";
				COPY_PHASE_STRIP = NO;
				DEBUG_INFORMATION_FORMAT = "dwarf-with-dsym";
				ENABLE_NS_ASSERTIONS = NO;
				ENABLE_STRICT_OBJC_MSGSEND = YES;
				GCC_C_LANGUAGE_STANDARD = gnu11;
				GCC_NO_COMMON_BLOCKS = YES;
				GCC_WARN_64_TO_32_BIT_CONVERSION = YES;
				GCC_WARN_ABOUT_RETURN_TYPE = YES_ERROR;
				GCC_WARN_UNDECLARED_SELECTOR = YES;
				GCC_WARN_UNINITIALIZED_AUTOS = YES_AGGRESSIVE;
				GCC_WARN_UNUSED_FUNCTION = YES;
				GCC_WARN_UNUSED_VARIABLE = YES;
				IPHONEOS_DEPLOYMENT_TARGET = 11.3;
				MTL_ENABLE_DEBUG_INFO = NO;
				SDKROOT = iphoneos;
				SWIFT_COMPILATION_MODE = wholemodule;
				SWIFT_OPTIMIZATION_LEVEL = "-O";
				VALIDATE_PRODUCT = YES;
			};
			name = Release;
		};
		09BED8F920BEAF1B00EC84CF /* Debug */ = {
			isa = XCBuildConfiguration;
			buildSettings = {
				ASSETCATALOG_COMPILER_APPICON_NAME = AppIcon;
				CODE_SIGN_STYLE = Automatic;
				INFOPLIST_FILE = CustomTransitionStyle/Info.plist;
				LD_RUNPATH_SEARCH_PATHS = (
					"$(inherited)",
					"@executable_path/Frameworks",
				);
				PRODUCT_BUNDLE_IDENTIFIER = com.vanee.CustomTransitionStyle;
				PRODUCT_NAME = "$(TARGET_NAME)";
				SWIFT_VERSION = 4.0;
				TARGETED_DEVICE_FAMILY = "1,2";
			};
			name = Debug;
		};
		09BED8FA20BEAF1B00EC84CF /* Release */ = {
			isa = XCBuildConfiguration;
			buildSettings = {
				ASSETCATALOG_COMPILER_APPICON_NAME = AppIcon;
				CODE_SIGN_STYLE = Automatic;
				INFOPLIST_FILE = CustomTransitionStyle/Info.plist;
				LD_RUNPATH_SEARCH_PATHS = (
					"$(inherited)",
					"@executable_path/Frameworks",
				);
				PRODUCT_BUNDLE_IDENTIFIER = com.vanee.CustomTransitionStyle;
				PRODUCT_NAME = "$(TARGET_NAME)";
				SWIFT_VERSION = 4.0;
				TARGETED_DEVICE_FAMILY = "1,2";
			};
			name = Release;
		};
/* End XCBuildConfiguration section */

/* Begin XCConfigurationList section */
		09BED8E120BEAF1A00EC84CF /* Build configuration list for PBXProject "CustomTransitionStyle" */ = {
			isa = XCConfigurationList;
			buildConfigurations = (
				09BED8F620BEAF1B00EC84CF /* Debug */,
				09BED8F720BEAF1B00EC84CF /* Release */,
			);
			defaultConfigurationIsVisible = 0;
			defaultConfigurationName = Release;
		};
		09BED8F820BEAF1B00EC84CF /* Build configuration list for PBXNativeTarget "CustomTransitionStyle" */ = {
			isa = XCConfigurationList;
			buildConfigurations = (
				09BED8F920BEAF1B00EC84CF /* Debug */,
				09BED8FA20BEAF1B00EC84CF /* Release */,
			);
			defaultConfigurationIsVisible = 0;
			defaultConfigurationName = Release;
		};
/* End XCConfigurationList section */
	};
	rootObject = 09BED8DE20BEAF1A00EC84CF /* Project object */;
}
